
Microsoft Visual Studio Solution File, Format Version 12.00
# Visual Studio Version 17
VisualStudioVersion = 17.2.32630.192
MinimumVisualStudioVersion = 10.0.40219.1
Project("{FAE04EC0-301F-11D3-BF4B-00C04F79EFBC}") = "DataProcessing", "DataProcessing\DataProcessing.csproj", "{FF067ACE-6673-40BC-B69F-D83044469670}"
EndProject
Project("{FAE04EC0-301F-11D3-BF4B-00C04F79EFBC}") = "DataProcessing.Benchmarks", "DataProcessing.Benchmarks\DataProcessing.Benchmarks.csproj", "{24CF69DA-B4B5-4065-A3E8-8D6932F89B27}"
EndProject
Project("{FAE04EC0-301F-11D3-BF4B-00C04F79EFBC}") = "DataProcessing.Tests", "DataProcessing.Tests\DataProcessing.Tests.csproj", "{CFD8CD80-4FD1-4775-8555-096EC9A08C67}"
EndProject
Project("{FAE04EC0-301F-11D3-BF4B-00C04F79EFBC}") = "ThirdParty.Exporter", "ThirdParty.Exporter\ThirdParty.Exporter.csproj", "{C3997698-7BF2-489D-BC5E-E5006CA77D95}"
EndProject
Global
	GlobalSection(SolutionConfigurationPlatforms) = preSolution
		Debug|Any CPU = Debug|Any CPU
		Release|Any CPU = Release|Any CPU
	EndGlobalSection
	GlobalSection(ProjectConfigurationPlatforms) = postSolution
		{FF067ACE-6673-40BC-B69F-D83044469670}.Debug|Any CPU.ActiveCfg = Debug|Any CPU
		{FF067ACE-6673-40BC-B69F-D83044469670}.Debug|Any CPU.Build.0 = Debug|Any CPU
		{FF067ACE-6673-40BC-B69F-D83044469670}.Release|Any CPU.ActiveCfg = Release|Any CPU
		{FF067ACE-6673-40BC-B69F-D83044469670}.Release|Any CPU.Build.0 = Release|Any CPU
		{24CF69DA-B4B5-4065-A3E8-8D6932F89B27}.Debug|Any CPU.ActiveCfg = Debug|Any CPU
		{24CF69DA-B4B5-4065-A3E8-8D6932F89B27}.Debug|Any CPU.Build.0 = Debug|Any CPU
		{24CF69DA-B4B5-4065-A3E8-8D6932F89B27}.Release|Any CPU.ActiveCfg = Release|Any CPU
		{24CF69DA-B4B5-4065-A3E8-8D6932F89B27}.Release|Any CPU.Build.0 = Release|Any CPU
		{CFD8CD80-4FD1-4775-8555-096EC9A08C67}.Debug|Any CPU.ActiveCfg = Debug|Any CPU
		{CFD8CD80-4FD1-4775-8555-096EC9A08C67}.Debug|Any CPU.Build.0 = Debug|Any CPU
		{CFD8CD80-4FD1-4775-8555-096EC9A08C67}.Release|Any CPU.ActiveCfg = Release|Any CPU
		{CFD8CD80-4FD1-4775-8555-096EC9A08C67}.Release|Any CPU.Build.0 = Release|Any CPU
		{C3997698-7BF2-489D-BC5E-E5006CA77D95}.Debug|Any CPU.ActiveCfg = Debug|Any CPU
		{C3997698-7BF2-489D-BC5E-E5006CA77D95}.Debug|Any CPU.Build.0 = Debug|Any CPU
		{C3997698-7BF2-489D-BC5E-E5006CA77D95}.Release|Any CPU.ActiveCfg = Release|Any CPU
		{C3997698-7BF2-489D-BC5E-E5006CA77D95}.Release|Any CPU.Build.0 = Release|Any CPU
	EndGlobalSection
	GlobalSection(SolutionProperties) = preSolution
		HideSolutionNode = FALSE
	EndGlobalSection
	GlobalSection(ExtensibilityGlobals) = postSolution
		SolutionGuid = {4092C72F-4D7D-4B79-82D5-C6F1E1EA1491}
	EndGlobalSection
EndGlobal
